
Microsoft Visual Studio Solution File, Format Version 12.00
# Visual Studio Version 16
VisualStudioVersion = 16.0.30523.141
MinimumVisualStudioVersion = 10.0.40219.1
Project("{9A19103F-16F7-4668-BE54-9A1E7A4F7556}") = "ToyRobotChallenge", "ToyRobotChallenge\ToyRobotChallenge.csproj", "{11B6F131-7039-48E1-98E5-B1DA6A79F55E}"
EndProject
Project("{FAE04EC0-301F-11D3-BF4B-00C04F79EFBC}") = "ToyRobotChallenge.Core", "ToyRobotChallenge.Core\ToyRobotChallenge.Core.csproj", "{132F3AA5-5D67-4D9E-80DC-47A2F36EEBF3}"
EndProject
Project("{FAE04EC0-301F-11D3-BF4B-00C04F79EFBC}") = "ToyRobotChallenge.Tests", "ToyRobotChallenge.Tests\ToyRobotChallenge.Tests.csproj", "{03C3D0D0-37C6-4695-BD7E-69D512C23160}"
EndProject
Project("{2150E333-8FDC-42A3-9474-1A3956D46DE8}") = "Docs", "Docs", "{F7C40BB3-CE77-40AE-9ABB-4C3EC61C1FA1}"
	ProjectSection(SolutionItems) = preProject
		ToyRobotChallenge.Docs\ToyRobotChallenge.doc = ToyRobotChallenge.Docs\ToyRobotChallenge.doc
	EndProjectSection
EndProject
Global
	GlobalSection(SolutionConfigurationPlatforms) = preSolution
		Debug|Any CPU = Debug|Any CPU
		Release|Any CPU = Release|Any CPU
	EndGlobalSection
	GlobalSection(ProjectConfigurationPlatforms) = postSolution
		{11B6F131-7039-48E1-98E5-B1DA6A79F55E}.Debug|Any CPU.ActiveCfg = Debug|Any CPU
		{11B6F131-7039-48E1-98E5-B1DA6A79F55E}.Debug|Any CPU.Build.0 = Debug|Any CPU
		{11B6F131-7039-48E1-98E5-B1DA6A79F55E}.Release|Any CPU.ActiveCfg = Release|Any CPU
		{11B6F131-7039-48E1-98E5-B1DA6A79F55E}.Release|Any CPU.Build.0 = Release|Any CPU
		{132F3AA5-5D67-4D9E-80DC-47A2F36EEBF3}.Debug|Any CPU.ActiveCfg = Debug|Any CPU
		{132F3AA5-5D67-4D9E-80DC-47A2F36EEBF3}.Debug|Any CPU.Build.0 = Debug|Any CPU
		{132F3AA5-5D67-4D9E-80DC-47A2F36EEBF3}.Release|Any CPU.ActiveCfg = Release|Any CPU
		{132F3AA5-5D67-4D9E-80DC-47A2F36EEBF3}.Release|Any CPU.Build.0 = Release|Any CPU
		{03C3D0D0-37C6-4695-BD7E-69D512C23160}.Debug|Any CPU.ActiveCfg = Debug|Any CPU
		{03C3D0D0-37C6-4695-BD7E-69D512C23160}.Debug|Any CPU.Build.0 = Debug|Any CPU
		{03C3D0D0-37C6-4695-BD7E-69D512C23160}.Release|Any CPU.ActiveCfg = Release|Any CPU
		{03C3D0D0-37C6-4695-BD7E-69D512C23160}.Release|Any CPU.Build.0 = Release|Any CPU
	EndGlobalSection
	GlobalSection(SolutionProperties) = preSolution
		HideSolutionNode = FALSE
	EndGlobalSection
	GlobalSection(ExtensibilityGlobals) = postSolution
		SolutionGuid = {EE4987CB-BF0C-459C-BE50-829ADF879BA7}
	EndGlobalSection
EndGlobal
